
Microsoft Visual Studio Solution File, Format Version 12.00
# Visual Studio Version 16
VisualStudioVersion = 16.0.31829.152
MinimumVisualStudioVersion = 10.0.40219.1
Project("{FAE04EC0-301F-11D3-BF4B-00C04F79EFBC}") = "CategoryAjax", "CategoryAjax\CategoryAjax.csproj", "{7E55D1B4-26E9-4FD3-B96E-386548DF56FC}"
EndProject
Global
	GlobalSection(SolutionConfigurationPlatforms) = preSolution
		Debug|Any CPU = Debug|Any CPU
		Release|Any CPU = Release|Any CPU
	EndGlobalSection
	GlobalSection(ProjectConfigurationPlatforms) = postSolution
		{7E55D1B4-26E9-4FD3-B96E-386548DF56FC}.Debug|Any CPU.ActiveCfg = Debug|Any CPU
		{7E55D1B4-26E9-4FD3-B96E-386548DF56FC}.Debug|Any CPU.Build.0 = Debug|Any CPU
		{7E55D1B4-26E9-4FD3-B96E-386548DF56FC}.Release|Any CPU.ActiveCfg = Release|Any CPU
		{7E55D1B4-26E9-4FD3-B96E-386548DF56FC}.Release|Any CPU.Build.0 = Release|Any CPU
	EndGlobalSection
	GlobalSection(SolutionProperties) = preSolution
		HideSolutionNode = FALSE
	EndGlobalSection
	GlobalSection(ExtensibilityGlobals) = postSolution
		SolutionGuid = {DA758E77-9C59-4251-8C35-FFE42BC97AD4}
	EndGlobalSection
EndGlobal
